version = 1
revision = 3
requires-python = ">=3.14"

[[package]]
name = "jeepney"
version = "0.9.0"
source = { registry = "https://pypi.tuna.tsinghua.edu.cn/simple" }
sdist = { url = "https://pypi.tuna.tsinghua.edu.cn/packages/7b/6f/357efd7602486741aa73ffc0617fb310a29b588ed0fd69c2399acbb85b0c/jeepney-0.9.0.tar.gz", hash = "sha256:cf0e9e845622b81e4a28df94c40345400256ec608d0e55bb8a3feaa9163f5732", size = 106758, upload-time = "2025-02-27T18:51:01.684Z" }
wheels = [
    { url = "https://pypi.tuna.tsinghua.edu.cn/packages/b2/a3/e137168c9c44d18eff0376253da9f1e9234d0239e0ee230d2fee6cea8e55/jeepney-0.9.0-py3-none-any.whl", hash = "sha256:97e5714520c16fc0a45695e5365a2e11b81ea79bba796e26f9f1d178cb182683", size = 49010, upload-time = "2025-02-27T18:51:00.104Z" },
]

[[package]]
name = "remote-input"
version = "0.1.0"
source = { editable = "." }
dependencies = [
    { name = "jeepney" },
]

[package.metadata]
requires-dist = [{ name = "jeepney", specifier = ">=0.9.0" }]
